// !$*UTF8*$!
{
	archiveVersion = 1;
	classes = {
	};
	objectVersion = 56;
	objects = {

/* Begin PBXBuildFile section */
		4802E06729C8F7AF009F40A5 /* CustomShowUserApp.swift in Sources */ = {isa = PBXBuildFile; fileRef = 4802E06629C8F7AF009F40A5 /* CustomShowUserApp.swift */; };
		4802E06929C8F7AF009F40A5 /* ContentView.swift in Sources */ = {isa = PBXBuildFile; fileRef = 4802E06829C8F7AF009F40A5 /* ContentView.swift */; };
		4802E06B29C8F7B2009F40A5 /* Assets.xcassets in Resources */ = {isa = PBXBuildFile; fileRef = 4802E06A29C8F7B2009F40A5 /* Assets.xcassets */; };
		4802E06E29C8F7B2009F40A5 /* Preview Assets.xcassets in Resources */ = {isa = PBXBuildFile; fileRef = 4802E06D29C8F7B2009F40A5 /* Preview Assets.xcassets */; };
		4802E07829C8F7B2009F40A5 /* CustomShowUserTests.swift in Sources */ = {isa = PBXBuildFile; fileRef = 4802E07729C8F7B2009F40A5 /* CustomShowUserTests.swift */; };
		4802E08229C8F7B2009F40A5 /* CustomShowUserUITests.swift in Sources */ = {isa = PBXBuildFile; fileRef = 4802E08129C8F7B2009F40A5 /* CustomShowUserUITests.swift */; };
		4802E08429C8F7B2009F40A5 /* CustomShowUserUITestsLaunchTests.swift in Sources */ = {isa = PBXBuildFile; fileRef = 4802E08329C8F7B2009F40A5 /* CustomShowUserUITestsLaunchTests.swift */; };
/* End PBXBuildFile section */

/* Begin PBXContainerItemProxy section */
		4802E07429C8F7B2009F40A5 /* PBXContainerItemProxy */ = {
			isa = PBXContainerItemProxy;
			containerPortal = 4802E05B29C8F7AF009F40A5 /* Project object */;
			proxyType = 1;
			remoteGlobalIDString = 4802E06229C8F7AF009F40A5;
			remoteInfo = CustomShowUser;
		};
		4802E07E29C8F7B2009F40A5 /* PBXContainerItemProxy */ = {
			isa = PBXContainerItemProxy;
			containerPortal = 4802E05B29C8F7AF009F40A5 /* Project object */;
			proxyType = 1;
			remoteGlobalIDString = 4802E06229C8F7AF009F40A5;
			remoteInfo = CustomShowUser;
		};
/* End PBXContainerItemProxy section */

/* Begin PBXFileReference section */
		4802E06329C8F7AF009F40A5 /* CustomShowUser.app */ = {isa = PBXFileReference; explicitFileType = wrapper.application; includeInIndex = 0; path = CustomShowUser.app; sourceTree = BUILT_PRODUCTS_DIR; };
		4802E06629C8F7AF009F40A5 /* CustomShowUserApp.swift */ = {isa = PBXFileReference; lastKnownFileType = sourcecode.swift; path = CustomShowUserApp.swift; sourceTree = "<group>"; };
		4802E06829C8F7AF009F40A5 /* ContentView.swift */ = {isa = PBXFileReference; lastKnownFileType = sourcecode.swift; path = ContentView.swift; sourceTree = "<group>"; };
		4802E06A29C8F7B2009F40A5 /* Assets.xcassets */ = {isa = PBXFileReference; lastKnownFileType = folder.assetcatalog; path = Assets.xcassets; sourceTree = "<group>"; };
		4802E06D29C8F7B2009F40A5 /* Preview Assets.xcassets */ = {isa = PBXFileReference; lastKnownFileType = folder.assetcatalog; path = "Preview Assets.xcassets"; sourceTree = "<group>"; };
		4802E07329C8F7B2009F40A5 /* CustomShowUserTests.xctest */ = {isa = PBXFileReference; explicitFileType = wrapper.cfbundle; includeInIndex = 0; path = CustomShowUserTests.xctest; sourceTree = BUILT_PRODUCTS_DIR; };
		4802E07729C8F7B2009F40A5 /* CustomShowUserTests.swift */ = {isa = PBXFileReference; lastKnownFileType = sourcecode.swift; path = CustomShowUserTests.swift; sourceTree = "<group>"; };
		4802E07D29C8F7B2009F40A5 /* CustomShowUserUITests.xctest */ = {isa = PBXFileReference; explicitFileType = wrapper.cfbundle; includeInIndex = 0; path = CustomShowUserUITests.xctest; sourceTree = BUILT_PRODUCTS_DIR; };
		4802E08129C8F7B2009F40A5 /* CustomShowUserUITests.swift */ = {isa = PBXFileReference; lastKnownFileType = sourcecode.swift; path = CustomShowUserUITests.swift; sourceTree = "<group>"; };
		4802E08329C8F7B2009F40A5 /* CustomShowUserUITestsLaunchTests.swift */ = {isa = PBXFileReference; lastKnownFileType = sourcecode.swift; path = CustomShowUserUITestsLaunchTests.swift; sourceTree = "<group>"; };
/* End PBXFileReference section */

/* Begin PBXFrameworksBuildPhase section */
		4802E06029C8F7AF009F40A5 /* Frameworks */ = {
			isa = PBXFrameworksBuildPhase;
			buildActionMask = 2147483647;
			files = (
			);
			runOnlyForDeploymentPostprocessing = 0;
		};
		4802E07029C8F7B2009F40A5 /* Frameworks */ = {
			isa = PBXFrameworksBuildPhase;
			buildActionMask = 2147483647;
			files = (
			);
			runOnlyForDeploymentPostprocessing = 0;
		};
		4802E07A29C8F7B2009F40A5 /* Frameworks */ = {
			isa = PBXFrameworksBuildPhase;
			buildActionMask = 2147483647;
			files = (
			);
			runOnlyForDeploymentPostprocessing = 0;
		};
/* End PBXFrameworksBuildPhase section */

/* Begin PBXGroup section */
		4802E05A29C8F7AF009F40A5 = {
			isa = PBXGroup;
			children = (
				4802E06529C8F7AF009F40A5 /* CustomShowUser */,
				4802E07629C8F7B2009F40A5 /* CustomShowUserTests */,
				4802E08029C8F7B2009F40A5 /* CustomShowUserUITests */,
				4802E06429C8F7AF009F40A5 /* Products */,
			);
			sourceTree = "<group>";
		};
		4802E06429C8F7AF009F40A5 /* Products */ = {
			isa = PBXGroup;
			children = (
				4802E06329C8F7AF009F40A5 /* CustomShowUser.app */,
				4802E07329C8F7B2009F40A5 /* CustomShowUserTests.xctest */,
				4802E07D29C8F7B2009F40A5 /* CustomShowUserUITests.xctest */,
			);
			name = Products;
			sourceTree = "<group>";
		};
		4802E06529C8F7AF009F40A5 /* CustomShowUser */ = {
			isa = PBXGroup;
			children = (
				4802E06629C8F7AF009F40A5 /* CustomShowUserApp.swift */,
				4802E06829C8F7AF009F40A5 /* ContentView.swift */,
				4802E06A29C8F7B2009F40A5 /* Assets.xcassets */,
				4802E06C29C8F7B2009F40A5 /* Preview Content */,
			);
			path = CustomShowUser;
			sourceTree = "<group>";
		};
		4802E06C29C8F7B2009F40A5 /* Preview Content */ = {
			isa = PBXGroup;
			children = (
				4802E06D29C8F7B2009F40A5 /* Preview Assets.xcassets */,
			);
			path = "Preview Content";
			sourceTree = "<group>";
		};
		4802E07629C8F7B2009F40A5 /* CustomShowUserTests */ = {
			isa = PBXGroup;
			children = (
				4802E07729C8F7B2009F40A5 /* CustomShowUserTests.swift */,
			);
			path = CustomShowUserTests;
			sourceTree = "<group>";
		};
		4802E08029C8F7B2009F40A5 /* CustomShowUserUITests */ = {
			isa = PBXGroup;
			children = (
				4802E08129C8F7B2009F40A5 /* CustomShowUserUITests.swift */,
				4802E08329C8F7B2009F40A5 /* CustomShowUserUITestsLaunchTests.swift */,
			);
			path = CustomShowUserUITests;
			sourceTree = "<group>";
		};
/* End PBXGroup section */

/* Begin PBXNativeTarget section */
		4802E06229C8F7AF009F40A5 /* CustomShowUser */ = {
			isa = PBXNativeTarget;
			buildConfigurationList = 4802E08729C8F7B2009F40A5 /* Build configuration list for PBXNativeTarget "CustomShowUser" */;
			buildPhases = (
				4802E05F29C8F7AF009F40A5 /* Sources */,
				4802E06029C8F7AF009F40A5 /* Frameworks */,
				4802E06129C8F7AF009F40A5 /* Resources */,
			);
			buildRules = (
			);
			dependencies = (
			);
			name = CustomShowUser;
			productName = CustomShowUser;
			productReference = 4802E06329C8F7AF009F40A5 /* CustomShowUser.app */;
			productType = "com.apple.product-type.application";
		};
		4802E07229C8F7B2009F40A5 /* CustomShowUserTests */ = {
			isa = PBXNativeTarget;
			buildConfigurationList = 4802E08A29C8F7B2009F40A5 /* Build configuration list for PBXNativeTarget "CustomShowUserTests" */;
			buildPhases = (
				4802E06F29C8F7B2009F40A5 /* Sources */,
				4802E07029C8F7B2009F40A5 /* Frameworks */,
				4802E07129C8F7B2009F40A5 /* Resources */,
			);
			buildRules = (
			);
			dependencies = (
				4802E07529C8F7B2009F40A5 /* PBXTargetDependency */,
			);
			name = CustomShowUserTests;
			productName = CustomShowUserTests;
			productReference = 4802E07329C8F7B2009F40A5 /* CustomShowUserTests.xctest */;
			productType = "com.apple.product-type.bundle.unit-test";
		};
		4802E07C29C8F7B2009F40A5 /* CustomShowUserUITests */ = {
			isa = PBXNativeTarget;
			buildConfigurationList = 4802E08D29C8F7B2009F40A5 /* Build configuration list for PBXNativeTarget "CustomShowUserUITests" */;
			buildPhases = (
				4802E07929C8F7B2009F40A5 /* Sources */,
				4802E07A29C8F7B2009F40A5 /* Frameworks */,
				4802E07B29C8F7B2009F40A5 /* Resources */,
			);
			buildRules = (
			);
			dependencies = (
				4802E07F29C8F7B2009F40A5 /* PBXTargetDependency */,
			);
			name = CustomShowUserUITests;
			productName = CustomShowUserUITests;
			productReference = 4802E07D29C8F7B2009F40A5 /* CustomShowUserUITests.xctest */;
			productType = "com.apple.product-type.bundle.ui-testing";
		};
/* End PBXNativeTarget section */

/* Begin PBXProject section */
		4802E05B29C8F7AF009F40A5 /* Project object */ = {
			isa = PBXProject;
			attributes = {
				BuildIndependentTargetsInParallel = 1;
				LastSwiftUpdateCheck = 1420;
				LastUpgradeCheck = 1420;
				TargetAttributes = {
					4802E06229C8F7AF009F40A5 = {
						CreatedOnToolsVersion = 14.2;
					};
					4802E07229C8F7B2009F40A5 = {
						CreatedOnToolsVersion = 14.2;
						TestTargetID = 4802E06229C8F7AF009F40A5;
					};
					4802E07C29C8F7B2009F40A5 = {
						CreatedOnToolsVersion = 14.2;
						TestTargetID = 4802E06229C8F7AF009F40A5;
					};
				};
			};
			buildConfigurationList = 4802E05E29C8F7AF009F40A5 /* Build configuration list for PBXProject "CustomShowUser" */;
			compatibilityVersion = "Xcode 14.0";
			developmentRegion = en;
			hasScannedForEncodings = 0;
			knownRegions = (
				en,
				Base,
			);
			mainGroup = 4802E05A29C8F7AF009F40A5;
			productRefGroup = 4802E06429C8F7AF009F40A5 /* Products */;
			projectDirPath = "";
			projectRoot = "";
			targets = (
				4802E06229C8F7AF009F40A5 /* CustomShowUser */,
				4802E07229C8F7B2009F40A5 /* CustomShowUserTests */,
				4802E07C29C8F7B2009F40A5 /* CustomShowUserUITests */,
			);
		};
/* End PBXProject section */

/* Begin PBXResourcesBuildPhase section */
		4802E06129C8F7AF009F40A5 /* Resources */ = {
			isa = PBXResourcesBuildPhase;
			buildActionMask = 2147483647;
			files = (
				4802E06E29C8F7B2009F40A5 /* Preview Assets.xcassets in Resources */,
				4802E06B29C8F7B2009F40A5 /* Assets.xcassets in Resources */,
			);
			runOnlyForDeploymentPostprocessing = 0;
		};
		4802E07129C8F7B2009F40A5 /* Resources */ = {
			isa = PBXResourcesBuildPhase;
			buildActionMask = 2147483647;
			files = (
			);
			runOnlyForDeploymentPostprocessing = 0;
		};
		4802E07B29C8F7B2009F40A5 /* Resources */ = {
			isa = PBXResourcesBuildPhase;
			buildActionMask = 2147483647;
			files = (
			);
			runOnlyForDeploymentPostprocessing = 0;
		};
/* End PBXResourcesBuildPhase section */

/* Begin PBXSourcesBuildPhase section */
		4802E05F29C8F7AF009F40A5 /* Sources */ = {
			isa = PBXSourcesBuildPhase;
			buildActionMask = 2147483647;
			files = (
				4802E06929C8F7AF009F40A5 /* ContentView.swift in Sources */,
				4802E06729C8F7AF009F40A5 /* CustomShowUserApp.swift in Sources */,
			);
			runOnlyForDeploymentPostprocessing = 0;
		};
		4802E06F29C8F7B2009F40A5 /* Sources */ = {
			isa = PBXSourcesBuildPhase;
			buildActionMask = 2147483647;
			files = (
				4802E07829C8F7B2009F40A5 /* CustomShowUserTests.swift in Sources */,
			);
			runOnlyForDeploymentPostprocessing = 0;
		};
		4802E07929C8F7B2009F40A5 /* Sources */ = {
			isa = PBXSourcesBuildPhase;
			buildActionMask = 2147483647;
			files = (
				4802E08229C8F7B2009F40A5 /* CustomShowUserUITests.swift in Sources */,
				4802E08429C8F7B2009F40A5 /* CustomShowUserUITestsLaunchTests.swift in Sources */,
			);
			runOnlyForDeploymentPostprocessing = 0;
		};
/* End PBXSourcesBuildPhase section */

/* Begin PBXTargetDependency section */
		4802E07529C8F7B2009F40A5 /* PBXTargetDependency */ = {
			isa = PBXTargetDependency;
			target = 4802E06229C8F7AF009F40A5 /* CustomShowUser */;
			targetProxy = 4802E07429C8F7B2009F40A5 /* PBXContainerItemProxy */;
		};
		4802E07F29C8F7B2009F40A5 /* PBXTargetDependency */ = {
			isa = PBXTargetDependency;
			target = 4802E06229C8F7AF009F40A5 /* CustomShowUser */;
			targetProxy = 4802E07E29C8F7B2009F40A5 /* PBXContainerItemProxy */;
		};
/* End PBXTargetDependency section */

/* Begin XCBuildConfiguration section */
		4802E08529C8F7B2009F40A5 /* Debug */ = {
			isa = XCBuildConfiguration;
			buildSettings = {
				ALWAYS_SEARCH_USER_PATHS = NO;
				CLANG_ANALYZER_NONNULL = YES;
				CLANG_ANALYZER_NUMBER_OBJECT_CONVERSION = YES_AGGRESSIVE;
				CLANG_CXX_LANGUAGE_STANDARD = "gnu++20";
				CLANG_ENABLE_MODULES = YES;
				CLANG_ENABLE_OBJC_ARC = YES;
				CLANG_ENABLE_OBJC_WEAK = YES;
				CLANG_WARN_BLOCK_CAPTURE_AUTORELEASING = YES;
				CLANG_WARN_BOOL_CONVERSION = YES;
				CLANG_WARN_COMMA = YES;
				CLANG_WARN_CONSTANT_CONVERSION = YES;
				CLANG_WARN_DEPRECATED_OBJC_IMPLEMENTATIONS = YES;
				CLANG_WARN_DIRECT_OBJC_ISA_USAGE = YES_ERROR;
				CLANG_WARN_DOCUMENTATION_COMMENTS = YES;
				CLANG_WARN_EMPTY_BODY = YES;
				CLANG_WARN_ENUM_CONVERSION = YES;
				CLANG_WARN_INFINITE_RECURSION = YES;
				CLANG_WARN_INT_CONVERSION = YES;
				CLANG_WARN_NON_LITERAL_NULL_CONVERSION = YES;
				CLANG_WARN_OBJC_IMPLICIT_RETAIN_SELF = YES;
				CLANG_WARN_OBJC_LITERAL_CONVERSION = YES;
				CLANG_WARN_OBJC_ROOT_CLASS = YES_ERROR;
				CLANG_WARN_QUOTED_INCLUDE_IN_FRAMEWORK_HEADER = YES;
				CLANG_WARN_RANGE_LOOP_ANALYSIS = YES;
				CLANG_WARN_STRICT_PROTOTYPES = YES;
				CLANG_WARN_SUSPICIOUS_MOVE = YES;
				CLANG_WARN_UNGUARDED_AVAILABILITY = YES_AGGRESSIVE;
				CLANG_WARN_UNREACHABLE_CODE = YES;
				CLANG_WARN__DUPLICATE_METHOD_MATCH = YES;
				COPY_PHASE_STRIP = NO;
				DEBUG_INFORMATION_FORMAT = dwarf;
				ENABLE_STRICT_OBJC_MSGSEND = YES;
				ENABLE_TESTABILITY = YES;
				GCC_C_LANGUAGE_STANDARD = gnu11;
				GCC_DYNAMIC_NO_PIC = NO;
				GCC_NO_COMMON_BLOCKS = YES;
				GCC_OPTIMIZATION_LEVEL = 0;
				GCC_PREPROCESSOR_DEFINITIONS = (
					"DEBUG=1",
					"$(inherited)",
				);
				GCC_WARN_64_TO_32_BIT_CONVERSION = YES;
				GCC_WARN_ABOUT_RETURN_TYPE = YES_ERROR;
				GCC_WARN_UNDECLARED_SELECTOR = YES;
				GCC_WARN_UNINITIALIZED_AUTOS = YES_AGGRESSIVE;
				GCC_WARN_UNUSED_FUNCTION = YES;
				GCC_WARN_UNUSED_VARIABLE = YES;
				IPHONEOS_DEPLOYMENT_TARGET = 16.2;
				MTL_ENABLE_DEBUG_INFO = INCLUDE_SOURCE;
				MTL_FAST_MATH = YES;
				ONLY_ACTIVE_ARCH = YES;
				SDKROOT = iphoneos;
				SWIFT_ACTIVE_COMPILATION_CONDITIONS = DEBUG;
				SWIFT_OPTIMIZATION_LEVEL = "-Onone";
			};
			name = Debug;
		};
		4802E08629C8F7B2009F40A5 /* Release */ = {
			isa = XCBuildConfiguration;
			buildSettings = {
				ALWAYS_SEARCH_USER_PATHS = NO;
				CLANG_ANALYZER_NONNULL = YES;
				CLANG_ANALYZER_NUMBER_OBJECT_CONVERSION = YES_AGGRESSIVE;
				CLANG_CXX_LANGUAGE_STANDARD = "gnu++20";
				CLANG_ENABLE_MODULES = YES;
				CLANG_ENABLE_OBJC_ARC = YES;
				CLANG_ENABLE_OBJC_WEAK = YES;
				CLANG_WARN_BLOCK_CAPTURE_AUTORELEASING = YES;
				CLANG_WARN_BOOL_CONVERSION = YES;
				CLANG_WARN_COMMA = YES;
				CLANG_WARN_CONSTANT_CONVERSION = YES;
				CLANG_WARN_DEPRECATED_OBJC_IMPLEMENTATIONS = YES;
				CLANG_WARN_DIRECT_OBJC_ISA_USAGE = YES_ERROR;
				CLANG_WARN_DOCUMENTATION_COMMENTS = YES;
				CLANG_WARN_EMPTY_BODY = YES;
				CLANG_WARN_ENUM_CONVERSION = YES;
				CLANG_WARN_INFINITE_RECURSION = YES;
				CLANG_WARN_INT_CONVERSION = YES;
				CLANG_WARN_NON_LITERAL_NULL_CONVERSION = YES;
				CLANG_WARN_OBJC_IMPLICIT_RETAIN_SELF = YES;
				CLANG_WARN_OBJC_LITERAL_CONVERSION = YES;
				CLANG_WARN_OBJC_ROOT_CLASS = YES_ERROR;
				CLANG_WARN_QUOTED_INCLUDE_IN_FRAMEWORK_HEADER = YES;
				CLANG_WARN_RANGE_LOOP_ANALYSIS = YES;
				CLANG_WARN_STRICT_PROTOTYPES = YES;
				CLANG_WARN_SUSPICIOUS_MOVE = YES;
				CLANG_WARN_UNGUARDED_AVAILABILITY = YES_AGGRESSIVE;
				CLANG_WARN_UNREACHABLE_CODE = YES;
				CLANG_WARN__DUPLICATE_METHOD_MATCH = YES;
				COPY_PHASE_STRIP = NO;
				DEBUG_INFORMATION_FORMAT = "dwarf-with-dsym";
				ENABLE_NS_ASSERTIONS = NO;
				ENABLE_STRICT_OBJC_MSGSEND = YES;
				GCC_C_LANGUAGE_STANDARD = gnu11;
				GCC_NO_COMMON_BLOCKS = YES;
				GCC_WARN_64_TO_32_BIT_CONVERSION = YES;
				GCC_WARN_ABOUT_RETURN_TYPE = YES_ERROR;
				GCC_WARN_UNDECLARED_SELECTOR = YES;
				GCC_WARN_UNINITIALIZED_AUTOS = YES_AGGRESSIVE;
				GCC_WARN_UNUSED_FUNCTION = YES;
				GCC_WARN_UNUSED_VARIABLE = YES;
				IPHONEOS_DEPLOYMENT_TARGET = 16.2;
				MTL_ENABLE_DEBUG_INFO = NO;
				MTL_FAST_MATH = YES;
				SDKROOT = iphoneos;
				SWIFT_COMPILATION_MODE = wholemodule;
				SWIFT_OPTIMIZATION_LEVEL = "-O";
				VALIDATE_PRODUCT = YES;
			};
			name = Release;
		};
		4802E08829C8F7B2009F40A5 /* Debug */ = {
			isa = XCBuildConfiguration;
			buildSettings = {
				ASSETCATALOG_COMPILER_APPICON_NAME = AppIcon;
				ASSETCATALOG_COMPILER_GLOBAL_ACCENT_COLOR_NAME = AccentColor;
				CODE_SIGN_STYLE = Automatic;
				CURRENT_PROJECT_VERSION = 1;
				DEVELOPMENT_ASSET_PATHS = "\"CustomShowUser/Preview Content\"";
				ENABLE_PREVIEWS = YES;
				GENERATE_INFOPLIST_FILE = YES;
				INFOPLIST_KEY_UIApplicationSceneManifest_Generation = YES;
				INFOPLIST_KEY_UIApplicationSupportsIndirectInputEvents = YES;
				INFOPLIST_KEY_UILaunchScreen_Generation = YES;
				INFOPLIST_KEY_UISupportedInterfaceOrientations_iPad = "UIInterfaceOrientationPortrait UIInterfaceOrientationPortraitUpsideDown UIInterfaceOrientationLandscapeLeft UIInterfaceOrientationLandscapeRight";
				INFOPLIST_KEY_UISupportedInterfaceOrientations_iPhone = "UIInterfaceOrientationPortrait UIInterfaceOrientationLandscapeLeft UIInterfaceOrientationLandscapeRight";
				LD_RUNPATH_SEARCH_PATHS = (
					"$(inherited)",
					"@executable_path/Frameworks",
				);
				MARKETING_VERSION = 1.0;
				PRODUCT_BUNDLE_IDENTIFIER = my.CustomShowUser;
				PRODUCT_NAME = "$(TARGET_NAME)";
				SWIFT_EMIT_LOC_STRINGS = YES;
				SWIFT_VERSION = 5.0;
				TARGETED_DEVICE_FAMILY = "1,2";
			};
			name = Debug;
		};
		4802E08929C8F7B2009F40A5 /* Release */ = {
			isa = XCBuildConfiguration;
			buildSettings = {
				ASSETCATALOG_COMPILER_APPICON_NAME = AppIcon;
				ASSETCATALOG_COMPILER_GLOBAL_ACCENT_COLOR_NAME = AccentColor;
				CODE_SIGN_STYLE = Automatic;
				CURRENT_PROJECT_VERSION = 1;
				DEVELOPMENT_ASSET_PATHS = "\"CustomShowUser/Preview Content\"";
				ENABLE_PREVIEWS = YES;
				GENERATE_INFOPLIST_FILE = YES;
				INFOPLIST_KEY_UIApplicationSceneManifest_Generation = YES;
				INFOPLIST_KEY_UIApplicationSupportsIndirectInputEvents = YES;
				INFOPLIST_KEY_UILaunchScreen_Generation = YES;
				INFOPLIST_KEY_UISupportedInterfaceOrientations_iPad = "UIInterfaceOrientationPortrait UIInterfaceOrientationPortraitUpsideDown UIInterfaceOrientationLandscapeLeft UIInterfaceOrientationLandscapeRight";
				INFOPLIST_KEY_UISupportedInterfaceOrientations_iPhone = "UIInterfaceOrientationPortrait UIInterfaceOrientationLandscapeLeft UIInterfaceOrientationLandscapeRight";
				LD_RUNPATH_SEARCH_PATHS = (
					"$(inherited)",
					"@executable_path/Frameworks",
				);
				MARKETING_VERSION = 1.0;
				PRODUCT_BUNDLE_IDENTIFIER = my.CustomShowUser;
				PRODUCT_NAME = "$(TARGET_NAME)";
				SWIFT_EMIT_LOC_STRINGS = YES;
				SWIFT_VERSION = 5.0;
				TARGETED_DEVICE_FAMILY = "1,2";
			};
			name = Release;
		};
		4802E08B29C8F7B2009F40A5 /* Debug */ = {
			isa = XCBuildConfiguration;
			buildSettings = {
				ALWAYS_EMBED_SWIFT_STANDARD_LIBRARIES = YES;
				BUNDLE_LOADER = "$(TEST_HOST)";
				CODE_SIGN_STYLE = Automatic;
				CURRENT_PROJECT_VERSION = 1;
				GENERATE_INFOPLIST_FILE = YES;
				IPHONEOS_DEPLOYMENT_TARGET = 16.2;
				MARKETING_VERSION = 1.0;
				PRODUCT_BUNDLE_IDENTIFIER = my.CustomShowUserTests;
				PRODUCT_NAME = "$(TARGET_NAME)";
				SWIFT_EMIT_LOC_STRINGS = NO;
				SWIFT_VERSION = 5.0;
				TARGETED_DEVICE_FAMILY = "1,2";
				TEST_HOST = "$(BUILT_PRODUCTS_DIR)/CustomShowUser.app/$(BUNDLE_EXECUTABLE_FOLDER_PATH)/CustomShowUser";
			};
			name = Debug;
		};
		4802E08C29C8F7B2009F40A5 /* Release */ = {
			isa = XCBuildConfiguration;
			buildSettings = {
				ALWAYS_EMBED_SWIFT_STANDARD_LIBRARIES = YES;
				BUNDLE_LOADER = "$(TEST_HOST)";
				CODE_SIGN_STYLE = Automatic;
				CURRENT_PROJECT_VERSION = 1;
				GENERATE_INFOPLIST_FILE = YES;
				IPHONEOS_DEPLOYMENT_TARGET = 16.2;
				MARKETING_VERSION = 1.0;
				PRODUCT_BUNDLE_IDENTIFIER = my.CustomShowUserTests;
				PRODUCT_NAME = "$(TARGET_NAME)";
				SWIFT_EMIT_LOC_STRINGS = NO;
				SWIFT_VERSION = 5.0;
				TARGETED_DEVICE_FAMILY = "1,2";
				TEST_HOST = "$(BUILT_PRODUCTS_DIR)/CustomShowUser.app/$(BUNDLE_EXECUTABLE_FOLDER_PATH)/CustomShowUser";
			};
			name = Release;
		};
		4802E08E29C8F7B2009F40A5 /* Debug */ = {
			isa = XCBuildConfiguration;
			buildSettings = {
				ALWAYS_EMBED_SWIFT_STANDARD_LIBRARIES = YES;
				CODE_SIGN_STYLE = Automatic;
				CURRENT_PROJECT_VERSION = 1;
				GENERATE_INFOPLIST_FILE = YES;
				MARKETING_VERSION = 1.0;
				PRODUCT_BUNDLE_IDENTIFIER = my.CustomShowUserUITests;
				PRODUCT_NAME = "$(TARGET_NAME)";
				SWIFT_EMIT_LOC_STRINGS = NO;
				SWIFT_VERSION = 5.0;
				TARGETED_DEVICE_FAMILY = "1,2";
				TEST_TARGET_NAME = CustomShowUser;
			};
			name = Debug;
		};
		4802E08F29C8F7B2009F40A5 /* Release */ = {
			isa = XCBuildConfiguration;
			buildSettings = {
				ALWAYS_EMBED_SWIFT_STANDARD_LIBRARIES = YES;
				CODE_SIGN_STYLE = Automatic;
				CURRENT_PROJECT_VERSION = 1;
				GENERATE_INFOPLIST_FILE = YES;
				MARKETING_VERSION = 1.0;
				PRODUCT_BUNDLE_IDENTIFIER = my.CustomShowUserUITests;
				PRODUCT_NAME = "$(TARGET_NAME)";
				SWIFT_EMIT_LOC_STRINGS = NO;
				SWIFT_VERSION = 5.0;
				TARGETED_DEVICE_FAMILY = "1,2";
				TEST_TARGET_NAME = CustomShowUser;
			};
			name = Release;
		};
/* End XCBuildConfiguration section */

/* Begin XCConfigurationList section */
		4802E05E29C8F7AF009F40A5 /* Build configuration list for PBXProject "CustomShowUser" */ = {
			isa = XCConfigurationList;
			buildConfigurations = (
				4802E08529C8F7B2009F40A5 /* Debug */,
				4802E08629C8F7B2009F40A5 /* Release */,
			);
			defaultConfigurationIsVisible = 0;
			defaultConfigurationName = Release;
		};
		4802E08729C8F7B2009F40A5 /* Build configuration list for PBXNativeTarget "CustomShowUser" */ = {
			isa = XCConfigurationList;
			buildConfigurations = (
				4802E08829C8F7B2009F40A5 /* Debug */,
				4802E08929C8F7B2009F40A5 /* Release */,
			);
			defaultConfigurationIsVisible = 0;
			defaultConfigurationName = Release;
		};
		4802E08A29C8F7B2009F40A5 /* Build configuration list for PBXNativeTarget "CustomShowUserTests" */ = {
			isa = XCConfigurationList;
			buildConfigurations = (
				4802E08B29C8F7B2009F40A5 /* Debug */,
				4802E08C29C8F7B2009F40A5 /* Release */,
			);
			defaultConfigurationIsVisible = 0;
			defaultConfigurationName = Release;
		};
		4802E08D29C8F7B2009F40A5 /* Build configuration list for PBXNativeTarget "CustomShowUserUITests" */ = {
			isa = XCConfigurationList;
			buildConfigurations = (
				4802E08E29C8F7B2009F40A5 /* Debug */,
				4802E08F29C8F7B2009F40A5 /* Release */,
			);
			defaultConfigurationIsVisible = 0;
			defaultConfigurationName = Release;
		};
/* End XCConfigurationList section */
	};
	rootObject = 4802E05B29C8F7AF009F40A5 /* Project object */;
}
